// !$*UTF8*$!
{
	archiveVersion = 1;
	classes = {
	};
	objectVersion = 50;
	objects = {

/* Begin PBXBuildFile section */
		0837BDE328E4678F00359174 /* OptimaApp.swift in Sources */ = {isa = PBXBuildFile; fileRef = 0837BDE228E4678F00359174 /* OptimaApp.swift */; };
		0837BDE528E5630400359174 /* SplashView.swift in Sources */ = {isa = PBXBuildFile; fileRef = 0837BDE428E5630400359174 /* SplashView.swift */; };
		0E42E0F92701D4B500A0B283 /* icerock.swiftformat in Resources */ = {isa = PBXBuildFile; fileRef = 0E42E0F82701D4B500A0B283 /* icerock.swiftformat */; };
		451D7B1A235845B100095112 /* AppComponent.swift in Sources */ = {isa = PBXBuildFile; fileRef = 451D7B19235845B100095112 /* AppComponent.swift */; };
		45D8D7FA26FB24AE00DD3A58 /* Environment.swift in Sources */ = {isa = PBXBuildFile; fileRef = 45D8D7F926FB24AE00DD3A58 /* Environment.swift */; };
		45F4791D219463C7003D25FA /* LaunchScreen.storyboard in Resources */ = {isa = PBXBuildFile; fileRef = 45F47912219463C7003D25FA /* LaunchScreen.storyboard */; };
		45F4791E219463C7003D25FA /* Main.storyboard in Resources */ = {isa = PBXBuildFile; fileRef = 45F47914219463C7003D25FA /* Main.storyboard */; };
		45F47921219463C7003D25FA /* Assets.xcassets in Resources */ = {isa = PBXBuildFile; fileRef = 45F4791A219463C7003D25FA /* Assets.xcassets */; };
		45F47922219463C7003D25FA /* AppDelegate.swift in Sources */ = {isa = PBXBuildFile; fileRef = 45F4791B219463C7003D25FA /* AppDelegate.swift */; };
		4989F81C2747538300C6DCC0 /* BaseTabBarCoordinator.swift in Sources */ = {isa = PBXBuildFile; fileRef = 4989F81B2747538300C6DCC0 /* BaseTabBarCoordinator.swift */; };
		84A8911A8923864C512402F2 /* Pods_ios_app.framework in Frameworks */ = {isa = PBXBuildFile; fileRef = 77FD953396CA247DED199665 /* Pods_ios_app.framework */; };
		9A69439D28509F78007FDC8B /* KeyboardAwareAnimatedConstraint.swift in Sources */ = {isa = PBXBuildFile; fileRef = 9A69439C28509F78007FDC8B /* KeyboardAwareAnimatedConstraint.swift */; };
		BDCC368E263E8CE10097A176 /* CoordinatorProtocol.swift in Sources */ = {isa = PBXBuildFile; fileRef = BDCC368A263E8CE10097A176 /* CoordinatorProtocol.swift */; };
		BDCC368F263E8CE10097A176 /* BaseCoordinator.swift in Sources */ = {isa = PBXBuildFile; fileRef = BDCC368B263E8CE10097A176 /* BaseCoordinator.swift */; };
		BDCC3690263E8CE10097A176 /* MVVMController.swift in Sources */ = {isa = PBXBuildFile; fileRef = BDCC368C263E8CE10097A176 /* MVVMController.swift */; };
		BDCC3691263E8CE10097A176 /* BaseViewController.swift in Sources */ = {isa = PBXBuildFile; fileRef = BDCC368D263E8CE10097A176 /* BaseViewController.swift */; };
		BDCC3698263E914B0097A176 /* UIViewController+Extensions.swift in Sources */ = {isa = PBXBuildFile; fileRef = BDCC3697263E914B0097A176 /* UIViewController+Extensions.swift */; };
		BDCC369A263E91840097A176 /* BaseCoordinator+Extensions.swift in Sources */ = {isa = PBXBuildFile; fileRef = BDCC3699263E91840097A176 /* BaseCoordinator+Extensions.swift */; };
		BDCC369C263E98AA0097A176 /* AppCoordinator.swift in Sources */ = {isa = PBXBuildFile; fileRef = BDCC369B263E98AA0097A176 /* AppCoordinator.swift */; };
/* End PBXBuildFile section */

/* Begin PBXFileReference section */
		0837BDE228E4678F00359174 /* OptimaApp.swift */ = {isa = PBXFileReference; lastKnownFileType = sourcecode.swift; path = OptimaApp.swift; sourceTree = "<group>"; };
		0837BDE428E5630400359174 /* SplashView.swift */ = {isa = PBXFileReference; lastKnownFileType = sourcecode.swift; path = SplashView.swift; sourceTree = "<group>"; };
		0E42E0F82701D4B500A0B283 /* icerock.swiftformat */ = {isa = PBXFileReference; fileEncoding = 4; lastKnownFileType = text; path = icerock.swiftformat; sourceTree = "<group>"; };
		13691F762E9AAC790C1356F4 /* Pods-ios-app.dev-release.xcconfig */ = {isa = PBXFileReference; includeInIndex = 1; lastKnownFileType = text.xcconfig; name = "Pods-ios-app.dev-release.xcconfig"; path = "Target Support Files/Pods-ios-app/Pods-ios-app.dev-release.xcconfig"; sourceTree = "<group>"; };
		287627FF1F319065007FA12B /* Optima24.app */ = {isa = PBXFileReference; explicitFileType = wrapper.application; includeInIndex = 0; path = Optima24.app; sourceTree = BUILT_PRODUCTS_DIR; };
		451D7B19235845B100095112 /* AppComponent.swift */ = {isa = PBXFileReference; lastKnownFileType = sourcecode.swift; path = AppComponent.swift; sourceTree = "<group>"; };
		45964D362282A1FD00C16658 /* mpp-library */ = {isa = PBXFileReference; lastKnownFileType = folder; name = "mpp-library"; path = "../mpp-library"; sourceTree = "<group>"; };
		45D8D7F926FB24AE00DD3A58 /* Environment.swift */ = {isa = PBXFileReference; fileEncoding = 4; lastKnownFileType = sourcecode.swift; path = Environment.swift; sourceTree = "<group>"; };
		45F47913219463C7003D25FA /* Base */ = {isa = PBXFileReference; lastKnownFileType = file.storyboard; name = Base; path = Base.lproj/LaunchScreen.storyboard; sourceTree = "<group>"; };
		45F47915219463C7003D25FA /* Base */ = {isa = PBXFileReference; lastKnownFileType = file.storyboard; name = Base; path = Base.lproj/Main.storyboard; sourceTree = "<group>"; };
		45F4791A219463C7003D25FA /* Assets.xcassets */ = {isa = PBXFileReference; lastKnownFileType = folder.assetcatalog; path = Assets.xcassets; sourceTree = "<group>"; };
		45F4791B219463C7003D25FA /* AppDelegate.swift */ = {isa = PBXFileReference; fileEncoding = 4; lastKnownFileType = sourcecode.swift; path = AppDelegate.swift; sourceTree = "<group>"; };
		45F4791C219463C7003D25FA /* Info.plist */ = {isa = PBXFileReference; fileEncoding = 4; lastKnownFileType = text.plist.xml; path = Info.plist; sourceTree = "<group>"; };
		4989F81B2747538300C6DCC0 /* BaseTabBarCoordinator.swift */ = {isa = PBXFileReference; lastKnownFileType = sourcecode.swift; path = BaseTabBarCoordinator.swift; sourceTree = "<group>"; };
		77FD953396CA247DED199665 /* Pods_ios_app.framework */ = {isa = PBXFileReference; explicitFileType = wrapper.framework; includeInIndex = 0; path = Pods_ios_app.framework; sourceTree = BUILT_PRODUCTS_DIR; };
		7EE1535ACB806B1CC69F7D4F /* Pods-ios-app.stage-release.xcconfig */ = {isa = PBXFileReference; includeInIndex = 1; lastKnownFileType = text.xcconfig; name = "Pods-ios-app.stage-release.xcconfig"; path = "Target Support Files/Pods-ios-app/Pods-ios-app.stage-release.xcconfig"; sourceTree = "<group>"; };
		9A69439C28509F78007FDC8B /* KeyboardAwareAnimatedConstraint.swift */ = {isa = PBXFileReference; fileEncoding = 4; lastKnownFileType = sourcecode.swift; path = KeyboardAwareAnimatedConstraint.swift; sourceTree = "<group>"; };
		B37F2F1F26E0B34C0054DB95 /* ios-app.debug.xcconfig */ = {isa = PBXFileReference; lastKnownFileType = text.xcconfig; path = "ios-app.debug.xcconfig"; sourceTree = "<group>"; };
		B37F2F2026E0B42C0054DB95 /* ios-app.shared.xcconfig */ = {isa = PBXFileReference; lastKnownFileType = text.xcconfig; path = "ios-app.shared.xcconfig"; sourceTree = "<group>"; };
		B37F2F2126E0B43B0054DB95 /* ios-app.release.xcconfig */ = {isa = PBXFileReference; lastKnownFileType = text.xcconfig; path = "ios-app.release.xcconfig"; sourceTree = "<group>"; };
		B37F2F2226E0C5010054DB95 /* ios-app.dev.xcconfig */ = {isa = PBXFileReference; lastKnownFileType = text.xcconfig; path = "ios-app.dev.xcconfig"; sourceTree = "<group>"; };
		B37F2F2326E0C5120054DB95 /* ios-app.prod.xcconfig */ = {isa = PBXFileReference; lastKnownFileType = text.xcconfig; path = "ios-app.prod.xcconfig"; sourceTree = "<group>"; };
		B37F2F2426E0C52D0054DB95 /* ios-app.stage.xcconfig */ = {isa = PBXFileReference; lastKnownFileType = text.xcconfig; path = "ios-app.stage.xcconfig"; sourceTree = "<group>"; };
		B37F2F2726E0C5FE0054DB95 /* ios-app.dev-debug.xcconfig */ = {isa = PBXFileReference; lastKnownFileType = text.xcconfig; path = "ios-app.dev-debug.xcconfig"; sourceTree = "<group>"; };
		B37F2F2826E0C60B0054DB95 /* ios-app.prod-debug.xcconfig */ = {isa = PBXFileReference; lastKnownFileType = text.xcconfig; path = "ios-app.prod-debug.xcconfig"; sourceTree = "<group>"; };
		B37F2F2926E0C6290054DB95 /* ios-app.stage-debug.xcconfig */ = {isa = PBXFileReference; lastKnownFileType = text.xcconfig; path = "ios-app.stage-debug.xcconfig"; sourceTree = "<group>"; };
		B37F2F2A26E0C6330054DB95 /* ios-app.dev-release.xcconfig */ = {isa = PBXFileReference; lastKnownFileType = text.xcconfig; path = "ios-app.dev-release.xcconfig"; sourceTree = "<group>"; };
		B37F2F2B26E0C6580054DB95 /* ios-app.prod-release.xcconfig */ = {isa = PBXFileReference; lastKnownFileType = text.xcconfig; path = "ios-app.prod-release.xcconfig"; sourceTree = "<group>"; };
		B37F2F2C26E0C6720054DB95 /* ios-app.stage-release.xcconfig */ = {isa = PBXFileReference; lastKnownFileType = text.xcconfig; path = "ios-app.stage-release.xcconfig"; sourceTree = "<group>"; };
		BDCC368A263E8CE10097A176 /* CoordinatorProtocol.swift */ = {isa = PBXFileReference; fileEncoding = 4; lastKnownFileType = sourcecode.swift; path = CoordinatorProtocol.swift; sourceTree = "<group>"; };
		BDCC368B263E8CE10097A176 /* BaseCoordinator.swift */ = {isa = PBXFileReference; fileEncoding = 4; lastKnownFileType = sourcecode.swift; path = BaseCoordinator.swift; sourceTree = "<group>"; };
		BDCC368C263E8CE10097A176 /* MVVMController.swift */ = {isa = PBXFileReference; fileEncoding = 4; lastKnownFileType = sourcecode.swift; path = MVVMController.swift; sourceTree = "<group>"; };
		BDCC368D263E8CE10097A176 /* BaseViewController.swift */ = {isa = PBXFileReference; fileEncoding = 4; lastKnownFileType = sourcecode.swift; path = BaseViewController.swift; sourceTree = "<group>"; };
		BDCC3697263E914B0097A176 /* UIViewController+Extensions.swift */ = {isa = PBXFileReference; lastKnownFileType = sourcecode.swift; path = "UIViewController+Extensions.swift"; sourceTree = "<group>"; };
		BDCC3699263E91840097A176 /* BaseCoordinator+Extensions.swift */ = {isa = PBXFileReference; lastKnownFileType = sourcecode.swift; path = "BaseCoordinator+Extensions.swift"; sourceTree = "<group>"; };
		BDCC369B263E98AA0097A176 /* AppCoordinator.swift */ = {isa = PBXFileReference; lastKnownFileType = sourcecode.swift; path = AppCoordinator.swift; sourceTree = "<group>"; };
		CF271FD12211E03259F7CC93 /* Pods-ios-app.dev-debug.xcconfig */ = {isa = PBXFileReference; includeInIndex = 1; lastKnownFileType = text.xcconfig; name = "Pods-ios-app.dev-debug.xcconfig"; path = "Target Support Files/Pods-ios-app/Pods-ios-app.dev-debug.xcconfig"; sourceTree = "<group>"; };
		EF3FE39B261AAFC2831C764A /* Pods-ios-app.prod-release.xcconfig */ = {isa = PBXFileReference; includeInIndex = 1; lastKnownFileType = text.xcconfig; name = "Pods-ios-app.prod-release.xcconfig"; path = "Target Support Files/Pods-ios-app/Pods-ios-app.prod-release.xcconfig"; sourceTree = "<group>"; };
		FA057B79BB6FAE3480893B8E /* Pods-ios-app.stage-debug.xcconfig */ = {isa = PBXFileReference; includeInIndex = 1; lastKnownFileType = text.xcconfig; name = "Pods-ios-app.stage-debug.xcconfig"; path = "Target Support Files/Pods-ios-app/Pods-ios-app.stage-debug.xcconfig"; sourceTree = "<group>"; };
		FE92E695FD9360C9973EF60F /* Pods-ios-app.prod-debug.xcconfig */ = {isa = PBXFileReference; includeInIndex = 1; lastKnownFileType = text.xcconfig; name = "Pods-ios-app.prod-debug.xcconfig"; path = "Target Support Files/Pods-ios-app/Pods-ios-app.prod-debug.xcconfig"; sourceTree = "<group>"; };
/* End PBXFileReference section */

/* Begin PBXFrameworksBuildPhase section */
		287627FC1F319065007FA12B /* Frameworks */ = {
			isa = PBXFrameworksBuildPhase;
			buildActionMask = 2147483647;
			files = (
				84A8911A8923864C512402F2 /* Pods_ios_app.framework in Frameworks */,
			);
			runOnlyForDeploymentPostprocessing = 0;
		};
/* End PBXFrameworksBuildPhase section */

/* Begin PBXGroup section */
		0E5748052660B2E800C9BCDB /* Firebase */ = {
			isa = PBXGroup;
			children = (
			);
			path = Firebase;
			sourceTree = "<group>";
		};
		287627F61F319065007FA12B = {
			isa = PBXGroup;
			children = (
				45964D362282A1FD00C16658 /* mpp-library */,
				0E42E0F82701D4B500A0B283 /* icerock.swiftformat */,
				B37F2F1E26E0B2AC0054DB95 /* BuildConfigurations */,
				45F47910219463C7003D25FA /* src */,
				287628001F319065007FA12B /* Products */,
				6D78269BA85C451FD65C4FDE /* Pods */,
				389337DBEB6DD0C29C15642F /* Frameworks */,
			);
			indentWidth = 4;
			sourceTree = "<group>";
			tabWidth = 4;
			usesTabs = 0;
		};
		287628001F319065007FA12B /* Products */ = {
			isa = PBXGroup;
			children = (
				287627FF1F319065007FA12B /* Optima24.app */,
			);
			name = Products;
			sourceTree = "<group>";
		};
		389337DBEB6DD0C29C15642F /* Frameworks */ = {
			isa = PBXGroup;
			children = (
				77FD953396CA247DED199665 /* Pods_ios_app.framework */,
			);
			name = Frameworks;
			sourceTree = "<group>";
		};
		45F47910219463C7003D25FA /* src */ = {
			isa = PBXGroup;
			children = (
				0E5748052660B2E800C9BCDB /* Firebase */,
				BDCC3692263E90A20097A176 /* Extensions */,
				BDCC3688263E8CE10097A176 /* Common */,
				45F47911219463C7003D25FA /* Resources */,
				45F4791A219463C7003D25FA /* Assets.xcassets */,
				0837BDE428E5630400359174 /* SplashView.swift */,
				0837BDE228E4678F00359174 /* OptimaApp.swift */,
				45D8D7F926FB24AE00DD3A58 /* Environment.swift */,
				45F4791B219463C7003D25FA /* AppDelegate.swift */,
				451D7B19235845B100095112 /* AppComponent.swift */,
				BDCC369B263E98AA0097A176 /* AppCoordinator.swift */,
				45F4791C219463C7003D25FA /* Info.plist */,
			);
			path = src;
			sourceTree = "<group>";
		};
		45F47911219463C7003D25FA /* Resources */ = {
			isa = PBXGroup;
			children = (
				45F47912219463C7003D25FA /* LaunchScreen.storyboard */,
				45F47914219463C7003D25FA /* Main.storyboard */,
			);
			path = Resources;
			sourceTree = "<group>";
		};
		4989F81A2747535F00C6DCC0 /* TabBarCoordinator */ = {
			isa = PBXGroup;
			children = (
				4989F81B2747538300C6DCC0 /* BaseTabBarCoordinator.swift */,
			);
			path = TabBarCoordinator;
			sourceTree = "<group>";
		};
		6D78269BA85C451FD65C4FDE /* Pods */ = {
			isa = PBXGroup;
			children = (
				CF271FD12211E03259F7CC93 /* Pods-ios-app.dev-debug.xcconfig */,
				FE92E695FD9360C9973EF60F /* Pods-ios-app.prod-debug.xcconfig */,
				FA057B79BB6FAE3480893B8E /* Pods-ios-app.stage-debug.xcconfig */,
				13691F762E9AAC790C1356F4 /* Pods-ios-app.dev-release.xcconfig */,
				7EE1535ACB806B1CC69F7D4F /* Pods-ios-app.stage-release.xcconfig */,
				EF3FE39B261AAFC2831C764A /* Pods-ios-app.prod-release.xcconfig */,
			);
			path = Pods;
			sourceTree = "<group>";
		};
		B37F2F1E26E0B2AC0054DB95 /* BuildConfigurations */ = {
			isa = PBXGroup;
			children = (
				B37F2F2026E0B42C0054DB95 /* ios-app.shared.xcconfig */,
				B37F2F1F26E0B34C0054DB95 /* ios-app.debug.xcconfig */,
				B37F2F2126E0B43B0054DB95 /* ios-app.release.xcconfig */,
				B37F2F2226E0C5010054DB95 /* ios-app.dev.xcconfig */,
				B37F2F2426E0C52D0054DB95 /* ios-app.stage.xcconfig */,
				B37F2F2326E0C5120054DB95 /* ios-app.prod.xcconfig */,
				B37F2F2D26E0C6820054DB95 /* Configurations */,
			);
			path = BuildConfigurations;
			sourceTree = "<group>";
		};
		B37F2F2D26E0C6820054DB95 /* Configurations */ = {
			isa = PBXGroup;
			children = (
				B37F2F2726E0C5FE0054DB95 /* ios-app.dev-debug.xcconfig */,
				B37F2F2A26E0C6330054DB95 /* ios-app.dev-release.xcconfig */,
				B37F2F2926E0C6290054DB95 /* ios-app.stage-debug.xcconfig */,
				B37F2F2C26E0C6720054DB95 /* ios-app.stage-release.xcconfig */,
				B37F2F2826E0C60B0054DB95 /* ios-app.prod-debug.xcconfig */,
				B37F2F2B26E0C6580054DB95 /* ios-app.prod-release.xcconfig */,
			);
			path = Configurations;
			sourceTree = "<group>";
		};
		BDCC3688263E8CE10097A176 /* Common */ = {
			isa = PBXGroup;
			children = (
				BDCC3689263E8CE10097A176 /* Coordinator */,
				BDCC368C263E8CE10097A176 /* MVVMController.swift */,
				BDCC368D263E8CE10097A176 /* BaseViewController.swift */,
				9A69439C28509F78007FDC8B /* KeyboardAwareAnimatedConstraint.swift */,
			);
			path = Common;
			sourceTree = "<group>";
		};
		BDCC3689263E8CE10097A176 /* Coordinator */ = {
			isa = PBXGroup;
			children = (
				4989F81A2747535F00C6DCC0 /* TabBarCoordinator */,
				BDCC368A263E8CE10097A176 /* CoordinatorProtocol.swift */,
				BDCC368B263E8CE10097A176 /* BaseCoordinator.swift */,
			);
			path = Coordinator;
			sourceTree = "<group>";
		};
		BDCC3692263E90A20097A176 /* Extensions */ = {
			isa = PBXGroup;
			children = (
				BDCC3697263E914B0097A176 /* UIViewController+Extensions.swift */,
				BDCC3699263E91840097A176 /* BaseCoordinator+Extensions.swift */,
			);
			path = Extensions;
			sourceTree = "<group>";
		};
/* End PBXGroup section */

/* Begin PBXNativeTarget section */
		287627FE1F319065007FA12B /* ios-app */ = {
			isa = PBXNativeTarget;
			buildConfigurationList = 287628111F319065007FA12B /* Build configuration list for PBXNativeTarget "ios-app" */;
			buildPhases = (
				23B221D9D25A36026D1DE98A /* [CP] Check Pods Manifest.lock */,
				0E42E0F62701B4B000A0B283 /* swift-format */,
				287627FB1F319065007FA12B /* Sources */,
				287627FC1F319065007FA12B /* Frameworks */,
				287627FD1F319065007FA12B /* Resources */,
				0E5748092660B3CF00C9BCDB /* Copy Firebase settings */,
				0E57480C2660B54100C9BCDB /* Upload DSYM files to Firebase/Crashlytics */,
				2461C42C7807CECB12249818 /* [CP] Embed Pods Frameworks */,
			);
			buildRules = (
			);
			dependencies = (
			);
			name = "ios-app";
			productName = IosApp;
			productReference = 287627FF1F319065007FA12B /* Optima24.app */;
			productType = "com.apple.product-type.application";
		};
/* End PBXNativeTarget section */

/* Begin PBXProject section */
		287627F71F319065007FA12B /* Project object */ = {
			isa = PBXProject;
			attributes = {
				LastSwiftUpdateCheck = 0830;
				LastUpgradeCheck = 1340;
				ORGANIZATIONNAME = "IceRock Development";
				TargetAttributes = {
					287627FE1F319065007FA12B = {
						CreatedOnToolsVersion = 8.3.3;
						LastSwiftMigration = 0940;
					};
				};
			};
			buildConfigurationList = 287627FA1F319065007FA12B /* Build configuration list for PBXProject "ios-app" */;
			compatibilityVersion = "Xcode 9.3";
			developmentRegion = en;
			hasScannedForEncodings = 0;
			knownRegions = (
				Base,
				en,
			);
			mainGroup = 287627F61F319065007FA12B;
			productRefGroup = 287628001F319065007FA12B /* Products */;
			projectDirPath = "";
			projectRoot = "";
			targets = (
				287627FE1F319065007FA12B /* ios-app */,
			);
		};
/* End PBXProject section */

/* Begin PBXResourcesBuildPhase section */
		287627FD1F319065007FA12B /* Resources */ = {
			isa = PBXResourcesBuildPhase;
			buildActionMask = 2147483647;
			files = (
				0E42E0F92701D4B500A0B283 /* icerock.swiftformat in Resources */,
				45F4791E219463C7003D25FA /* Main.storyboard in Resources */,
				45F4791D219463C7003D25FA /* LaunchScreen.storyboard in Resources */,
				45F47921219463C7003D25FA /* Assets.xcassets in Resources */,
			);
			runOnlyForDeploymentPostprocessing = 0;
		};
/* End PBXResourcesBuildPhase section */

/* Begin PBXShellScriptBuildPhase section */
		0E42E0F62701B4B000A0B283 /* swift-format */ = {
			isa = PBXShellScriptBuildPhase;
			buildActionMask = 2147483647;
			files = (
			);
			inputFileListPaths = (
			);
			inputPaths = (
			);
			name = "swift-format";
			outputFileListPaths = (
			);
			outputPaths = (
			);
			runOnlyForDeploymentPostprocessing = 0;
			shellPath = /bin/sh;
			shellScript = "\"${PODS_ROOT}/SwiftFormat/CommandLineTool/swiftformat\" --config \"${SRCROOT}/icerock.swiftformat\" \"${SRCROOT}/src\"\n";
		};
		0E5748092660B3CF00C9BCDB /* Copy Firebase settings */ = {
			isa = PBXShellScriptBuildPhase;
			buildActionMask = 2147483647;
			files = (
			);
			inputFileListPaths = (
			);
			inputPaths = (
			);
			name = "Copy Firebase settings";
			outputFileListPaths = (
			);
			outputPaths = (
			);
			runOnlyForDeploymentPostprocessing = 0;
			shellPath = /bin/sh;
			shellScript = "cp \"${PROJECT_DIR}/src/Firebase/GoogleService-Info-${PRODUCT_BUNDLE_IDENTIFIER}.plist\" \"${BUILT_PRODUCTS_DIR}/${CONTENTS_FOLDER_PATH}/GoogleService-Info.plist\" \n";
		};
		0E57480C2660B54100C9BCDB /* Upload DSYM files to Firebase/Crashlytics */ = {
			isa = PBXShellScriptBuildPhase;
			buildActionMask = 2147483647;
			files = (
			);
			inputFileListPaths = (
			);
			inputPaths = (
			);
			name = "Upload DSYM files to Firebase/Crashlytics";
			outputFileListPaths = (
			);
			outputPaths = (
			);
			runOnlyForDeploymentPostprocessing = 0;
			shellPath = /bin/sh;
			shellScript = "\"$PODS_ROOT/FirebaseCrashlytics/upload-symbols\" -gsp \"${BUILT_PRODUCTS_DIR}/${CONTENTS_FOLDER_PATH}/GoogleService-Info.plist\" -p ios \"${DWARF_DSYM_FOLDER_PATH}\"\n";
		};
		23B221D9D25A36026D1DE98A /* [CP] Check Pods Manifest.lock */ = {
			isa = PBXShellScriptBuildPhase;
			buildActionMask = 2147483647;
			files = (
			);
			inputFileListPaths = (
			);
			inputPaths = (
				"${PODS_PODFILE_DIR_PATH}/Podfile.lock",
				"${PODS_ROOT}/Manifest.lock",
			);
			name = "[CP] Check Pods Manifest.lock";
			outputFileListPaths = (
			);
			outputPaths = (
				"$(DERIVED_FILE_DIR)/Pods-ios-app-checkManifestLockResult.txt",
			);
			runOnlyForDeploymentPostprocessing = 0;
			shellPath = /bin/sh;
			shellScript = "diff \"${PODS_PODFILE_DIR_PATH}/Podfile.lock\" \"${PODS_ROOT}/Manifest.lock\" > /dev/null\nif [ $? != 0 ] ; then\n    # print error to STDERR\n    echo \"error: The sandbox is not in sync with the Podfile.lock. Run 'pod install' or update your CocoaPods installation.\" >&2\n    exit 1\nfi\n# This output is used by Xcode 'outputs' to avoid re-running this script phase.\necho \"SUCCESS\" > \"${SCRIPT_OUTPUT_FILE_0}\"\n";
			showEnvVarsInLog = 0;
		};
		2461C42C7807CECB12249818 /* [CP] Embed Pods Frameworks */ = {
			isa = PBXShellScriptBuildPhase;
			buildActionMask = 2147483647;
			files = (
			);
			inputFileListPaths = (
			);
			name = "[CP] Embed Pods Frameworks";
			outputFileListPaths = (
			);
			runOnlyForDeploymentPostprocessing = 0;
			shellPath = /bin/sh;
			shellScript = "\"${PODS_ROOT}/Target Support Files/Pods-ios-app/Pods-ios-app-frameworks.sh\"\n";
			showEnvVarsInLog = 0;
		};
/* End PBXShellScriptBuildPhase section */

/* Begin PBXSourcesBuildPhase section */
		287627FB1F319065007FA12B /* Sources */ = {
			isa = PBXSourcesBuildPhase;
			buildActionMask = 2147483647;
			files = (
				45F47922219463C7003D25FA /* AppDelegate.swift in Sources */,
				4989F81C2747538300C6DCC0 /* BaseTabBarCoordinator.swift in Sources */,
				BDCC3691263E8CE10097A176 /* BaseViewController.swift in Sources */,
				BDCC3690263E8CE10097A176 /* MVVMController.swift in Sources */,
				BDCC3698263E914B0097A176 /* UIViewController+Extensions.swift in Sources */,
				9A69439D28509F78007FDC8B /* KeyboardAwareAnimatedConstraint.swift in Sources */,
				451D7B1A235845B100095112 /* AppComponent.swift in Sources */,
				0837BDE328E4678F00359174 /* OptimaApp.swift in Sources */,
				45D8D7FA26FB24AE00DD3A58 /* Environment.swift in Sources */,
				BDCC368E263E8CE10097A176 /* CoordinatorProtocol.swift in Sources */,
				BDCC369C263E98AA0097A176 /* AppCoordinator.swift in Sources */,
				BDCC368F263E8CE10097A176 /* BaseCoordinator.swift in Sources */,
				BDCC369A263E91840097A176 /* BaseCoordinator+Extensions.swift in Sources */,
				0837BDE528E5630400359174 /* SplashView.swift in Sources */,
			);
			runOnlyForDeploymentPostprocessing = 0;
		};
/* End PBXSourcesBuildPhase section */

/* Begin PBXVariantGroup section */
		45F47912219463C7003D25FA /* LaunchScreen.storyboard */ = {
			isa = PBXVariantGroup;
			children = (
				45F47913219463C7003D25FA /* Base */,
			);
			name = LaunchScreen.storyboard;
			sourceTree = "<group>";
		};
		45F47914219463C7003D25FA /* Main.storyboard */ = {
			isa = PBXVariantGroup;
			children = (
				45F47915219463C7003D25FA /* Base */,
			);
			name = Main.storyboard;
			sourceTree = "<group>";
		};
/* End PBXVariantGroup section */

/* Begin XCBuildConfiguration section */
		2876280F1F319065007FA12B /* dev-debug */ = {
			isa = XCBuildConfiguration;
			baseConfigurationReference = B37F2F2726E0C5FE0054DB95 /* ios-app.dev-debug.xcconfig */;
			buildSettings = {
				CURRENT_PROJECT_VERSION = 0;
				IPHONEOS_DEPLOYMENT_TARGET = 14.1;
			};
			name = "dev-debug";
		};
		287628101F319065007FA12B /* dev-release */ = {
			isa = XCBuildConfiguration;
			baseConfigurationReference = B37F2F2A26E0C6330054DB95 /* ios-app.dev-release.xcconfig */;
			buildSettings = {
				CURRENT_PROJECT_VERSION = 0;
				IPHONEOS_DEPLOYMENT_TARGET = 14.1;
				SWIFT_COMPILATION_MODE = wholemodule;
			};
			name = "dev-release";
		};
		287628121F319065007FA12B /* dev-debug */ = {
			isa = XCBuildConfiguration;
			baseConfigurationReference = CF271FD12211E03259F7CC93 /* Pods-ios-app.dev-debug.xcconfig */;
			buildSettings = {
				BUNDLE_DISPLAY_NAME = "Optima24 Dev Debug";
				CODE_SIGN_IDENTITY = "Apple Development";
				CODE_SIGN_STYLE = Automatic;
				DEVELOPMENT_TEAM = UV672JPLP6;
				PRODUCT_NAME = Optima24;
				PROVISIONING_PROFILE_SPECIFIER = "";
			};
			name = "dev-debug";
		};
		287628131F319065007FA12B /* dev-release */ = {
			isa = XCBuildConfiguration;
			baseConfigurationReference = 13691F762E9AAC790C1356F4 /* Pods-ios-app.dev-release.xcconfig */;
			buildSettings = {
				BUNDLE_DISPLAY_NAME = "Optima24 Dev";
				CODE_SIGN_IDENTITY = "Apple Development";
				CODE_SIGN_STYLE = Automatic;
				DEVELOPMENT_TEAM = UV672JPLP6;
				PRODUCT_NAME = Optima24;
				PROVISIONING_PROFILE_SPECIFIER = "";
			};
			name = "dev-release";
		};
		B3E0DB1026DF3F4200DFCFCA /* stage-debug */ = {
			isa = XCBuildConfiguration;
			baseConfigurationReference = B37F2F2926E0C6290054DB95 /* ios-app.stage-debug.xcconfig */;
			buildSettings = {
				CURRENT_PROJECT_VERSION = 0;
				IPHONEOS_DEPLOYMENT_TARGET = 14.1;
			};
			name = "stage-debug";
		};
		B3E0DB1126DF3F4200DFCFCA /* stage-debug */ = {
			isa = XCBuildConfiguration;
			baseConfigurationReference = FA057B79BB6FAE3480893B8E /* Pods-ios-app.stage-debug.xcconfig */;
			buildSettings = {
				BUNDLE_DISPLAY_NAME = "Optima24 Stage Debug";
				DEVELOPMENT_TEAM = UV672JPLP6;
				PRODUCT_NAME = Optima24;
			};
			name = "stage-debug";
		};
		B3E0DB1226DF3F4400DFCFCA /* prod-debug */ = {
			isa = XCBuildConfiguration;
			baseConfigurationReference = B37F2F2826E0C60B0054DB95 /* ios-app.prod-debug.xcconfig */;
			buildSettings = {
				CURRENT_PROJECT_VERSION = 0;
				IPHONEOS_DEPLOYMENT_TARGET = 14.1;
			};
			name = "prod-debug";
		};
		B3E0DB1326DF3F4400DFCFCA /* prod-debug */ = {
			isa = XCBuildConfiguration;
			baseConfigurationReference = FE92E695FD9360C9973EF60F /* Pods-ios-app.prod-debug.xcconfig */;
			buildSettings = {
				BUNDLE_DISPLAY_NAME = "Optima24 Debug";
				DEVELOPMENT_TEAM = UV672JPLP6;
				PRODUCT_NAME = Optima24;
			};
			name = "prod-debug";
		};
		B3E0DB1426DF3F7800DFCFCA /* prod-release */ = {
			isa = XCBuildConfiguration;
			baseConfigurationReference = B37F2F2B26E0C6580054DB95 /* ios-app.prod-release.xcconfig */;
			buildSettings = {
				CURRENT_PROJECT_VERSION = 0;
				IPHONEOS_DEPLOYMENT_TARGET = 14.1;
				SWIFT_COMPILATION_MODE = wholemodule;
			};
			name = "prod-release";
		};
		B3E0DB1526DF3F7800DFCFCA /* prod-release */ = {
			isa = XCBuildConfiguration;
			baseConfigurationReference = EF3FE39B261AAFC2831C764A /* Pods-ios-app.prod-release.xcconfig */;
			buildSettings = {
				BUNDLE_DISPLAY_NAME = Optima24;
				DEVELOPMENT_TEAM = UV672JPLP6;
				PRODUCT_NAME = Optima24;
			};
			name = "prod-release";
		};
		B3E0DB1626DF3F7A00DFCFCA /* stage-release */ = {
			isa = XCBuildConfiguration;
			baseConfigurationReference = B37F2F2C26E0C6720054DB95 /* ios-app.stage-release.xcconfig */;
			buildSettings = {
				CURRENT_PROJECT_VERSION = 0;
				IPHONEOS_DEPLOYMENT_TARGET = 14.1;
				SWIFT_COMPILATION_MODE = wholemodule;
			};
			name = "stage-release";
		};
		B3E0DB1726DF3F7A00DFCFCA /* stage-release */ = {
			isa = XCBuildConfiguration;
			baseConfigurationReference = 7EE1535ACB806B1CC69F7D4F /* Pods-ios-app.stage-release.xcconfig */;
			buildSettings = {
				BUNDLE_DISPLAY_NAME = "Optima24 Stage";
				DEVELOPMENT_TEAM = UV672JPLP6;
				PRODUCT_NAME = Optima24;
			};
			name = "stage-release";
		};
/* End XCBuildConfiguration section */

/* Begin XCConfigurationList section */
		287627FA1F319065007FA12B /* Build configuration list for PBXProject "ios-app" */ = {
			isa = XCConfigurationList;
			buildConfigurations = (
				2876280F1F319065007FA12B /* dev-debug */,
				B3E0DB1226DF3F4400DFCFCA /* prod-debug */,
				B3E0DB1026DF3F4200DFCFCA /* stage-debug */,
				287628101F319065007FA12B /* dev-release */,
				B3E0DB1626DF3F7A00DFCFCA /* stage-release */,
				B3E0DB1426DF3F7800DFCFCA /* prod-release */,
			);
			defaultConfigurationIsVisible = 0;
			defaultConfigurationName = "dev-debug";
		};
		287628111F319065007FA12B /* Build configuration list for PBXNativeTarget "ios-app" */ = {
			isa = XCConfigurationList;
			buildConfigurations = (
				287628121F319065007FA12B /* dev-debug */,
				B3E0DB1326DF3F4400DFCFCA /* prod-debug */,
				B3E0DB1126DF3F4200DFCFCA /* stage-debug */,
				287628131F319065007FA12B /* dev-release */,
				B3E0DB1726DF3F7A00DFCFCA /* stage-release */,
				B3E0DB1526DF3F7800DFCFCA /* prod-release */,
			);
			defaultConfigurationIsVisible = 0;
			defaultConfigurationName = "dev-debug";
		};
/* End XCConfigurationList section */
	};
	rootObject = 287627F71F319065007FA12B /* Project object */;
}
